{
  "version": 4,
  "terraform_version": "1.7.2",
  "serial": 2,
  "lineage": "84afe3c5-97de-1ba2-c44f-b10cd4403af3",
  "outputs": {},
  "resources": [
    {
      "module": "module.load_balancer",
      "mode": "managed",
      "type": "azurerm_lb",
      "name": "create_load_balancer",
      "provider": "module.load_balancer.provider[\"registry.opentofu.org/hashicorp/azurerm\"]",
      "instances": [
        {
          "schema_version": 0,
          "attributes": {
            "edge_zone": "",
            "frontend_ip_configuration": [],
            "id": "/subscriptions/47a2e12e-4f45-4723-aa61-35db7e45dc38/resourceGroups/intro_group/providers/Microsoft.Network/loadBalancers/load_balancer_provision_test",
            "location": "eastus",
            "name": "load_balancer_provision_test",
            "private_ip_address": "",
            "private_ip_addresses": [],
            "resource_group_name": "intro_group",
            "sku": "Basic",
            "sku_tier": "Regional",
            "tags": null,
            "timeouts": null
          },
          "sensitive_attributes": [],
          "private": "eyJlMmJmYjczMC1lY2FhLTExZTYtOGY4OC0zNDM2M2JjN2M0YzAiOnsiY3JlYXRlIjoxODAwMDAwMDAwMDAwLCJkZWxldGUiOjE4MDAwMDAwMDAwMDAsInJlYWQiOjMwMDAwMDAwMDAwMCwidXBkYXRlIjoxODAwMDAwMDAwMDAwfX0="
        }
      ]
    },
    {
      "module": "module.vm",
      "mode": "data",
      "type": "azurerm_virtual_network",
      "name": "vnet_list",
      "provider": "module.vm.provider[\"registry.opentofu.org/hashicorp/azurerm\"]",
      "instances": [
        {
          "schema_version": 0,
          "attributes": {
            "address_space": [
              "10.0.0.0/16"
            ],
            "dns_servers": null,
            "guid": "4f836306-1f40-400e-8f42-0343f075a07a",
            "id": "/subscriptions/47a2e12e-4f45-4723-aa61-35db7e45dc38/resourceGroups/intro_group/providers/Microsoft.Network/virtualNetworks/intro-vnet",
            "location": "eastus",
            "name": "intro-vnet",
            "resource_group_name": "intro_group",
            "subnets": [
              "default",
              "vmbytf01_subnet"
            ],
            "tags": {},
            "timeouts": null,
            "vnet_peerings": {},
            "vnet_peerings_addresses": []
          },
          "sensitive_attributes": []
        }
      ]
    }
  ],
  "check_results": null
}
