{
  "version": 4,
  "terraform_version": "1.7.2",
  "serial": 14,
  "lineage": "50e2f82c-72a8-1bc2-8569-b12b83054daa",
  "outputs": {},
  "resources": [
    {
      "mode": "data",
      "type": "azurerm_virtual_network",
      "name": "vnet_list",
      "provider": "provider[\"registry.opentofu.org/hashicorp/azurerm\"]",
      "instances": [
        {
          "schema_version": 0,
          "attributes": {
            "address_space": [
              "10.0.0.0/16"
            ],
            "dns_servers": null,
            "guid": "4f836306-1f40-400e-8f42-0343f075a07a",
            "id": "/subscriptions/47a2e12e-4f45-4723-aa61-35db7e45dc38/resourceGroups/intro_group/providers/Microsoft.Network/virtualNetworks/intro-vnet",
            "location": "eastus",
            "name": "intro-vnet",
            "resource_group_name": "intro_group",
            "subnets": [
              "default"
            ],
            "tags": {},
            "timeouts": null,
            "vnet_peerings": {},
            "vnet_peerings_addresses": []
          },
          "sensitive_attributes": []
        }
      ]
    },
    {
      "mode": "managed",
      "type": "azurerm_network_interface",
      "name": "vm01_n",
      "provider": "provider[\"registry.opentofu.org/hashicorp/azurerm\"]",
      "instances": [
        {
          "index_key": "vmbytf01",
          "schema_version": 0,
          "attributes": {
            "accelerated_networking_enabled": false,
            "applied_dns_servers": [],
            "auxiliary_mode": "",
            "auxiliary_sku": "",
            "dns_servers": [],
            "edge_zone": "",
            "enable_accelerated_networking": false,
            "enable_ip_forwarding": false,
            "id": "/subscriptions/47a2e12e-4f45-4723-aa61-35db7e45dc38/resourceGroups/intro_group/providers/Microsoft.Network/networkInterfaces/vmbytf01_networkinterface",
            "internal_dns_name_label": "",
            "internal_domain_name_suffix": "azrygt0ad2hebd0canb5a3napc.bx.internal.cloudapp.net",
            "ip_configuration": [
              {
                "gateway_load_balancer_frontend_ip_configuration_id": "",
                "name": "ipconfig",
                "primary": true,
                "private_ip_address": "10.0.1.4",
                "private_ip_address_allocation": "Dynamic",
                "private_ip_address_version": "IPv4",
                "public_ip_address_id": "/subscriptions/47a2e12e-4f45-4723-aa61-35db7e45dc38/resourceGroups/intro_group/providers/Microsoft.Network/publicIPAddresses/vmbytf01_pubip",
                "subnet_id": "/subscriptions/47a2e12e-4f45-4723-aa61-35db7e45dc38/resourceGroups/intro_group/providers/Microsoft.Network/virtualNetworks/intro-vnet/subnets/vmbytf01_subnet"
              }
            ],
            "ip_forwarding_enabled": false,
            "location": "eastus",
            "mac_address": "",
            "name": "vmbytf01_networkinterface",
            "private_ip_address": "10.0.1.4",
            "private_ip_addresses": [
              "10.0.1.4"
            ],
            "resource_group_name": "intro_group",
            "tags": null,
            "timeouts": null,
            "virtual_machine_id": ""
          },
          "sensitive_attributes": [],
          "private": "eyJlMmJmYjczMC1lY2FhLTExZTYtOGY4OC0zNDM2M2JjN2M0YzAiOnsiY3JlYXRlIjoxODAwMDAwMDAwMDAwLCJkZWxldGUiOjE4MDAwMDAwMDAwMDAsInJlYWQiOjMwMDAwMDAwMDAwMCwidXBkYXRlIjoxODAwMDAwMDAwMDAwfX0=",
          "dependencies": [
            "azurerm_public_ip.vm01_pubip",
            "azurerm_subnet.vm01_subnet",
            "data.azurerm_virtual_network.vnet_list"
          ]
        }
      ]
    },
    {
      "mode": "managed",
      "type": "azurerm_network_interface_security_group_association",
      "name": "nsg_asste",
      "provider": "provider[\"registry.opentofu.org/hashicorp/azurerm\"]",
      "instances": [
        {
          "index_key": "vmbytf01",
          "schema_version": 0,
          "attributes": {
            "id": "/subscriptions/47a2e12e-4f45-4723-aa61-35db7e45dc38/resourceGroups/intro_group/providers/Microsoft.Network/networkInterfaces/vmbytf01_networkinterface|/subscriptions/47a2e12e-4f45-4723-aa61-35db7e45dc38/resourceGroups/intro_group/providers/Microsoft.Network/networkSecurityGroups/vmbytf01_nsg",
            "network_interface_id": "/subscriptions/47a2e12e-4f45-4723-aa61-35db7e45dc38/resourceGroups/intro_group/providers/Microsoft.Network/networkInterfaces/vmbytf01_networkinterface",
            "network_security_group_id": "/subscriptions/47a2e12e-4f45-4723-aa61-35db7e45dc38/resourceGroups/intro_group/providers/Microsoft.Network/networkSecurityGroups/vmbytf01_nsg",
            "timeouts": null
          },
          "sensitive_attributes": [],
          "private": "eyJlMmJmYjczMC1lY2FhLTExZTYtOGY4OC0zNDM2M2JjN2M0YzAiOnsiY3JlYXRlIjoxODAwMDAwMDAwMDAwLCJkZWxldGUiOjE4MDAwMDAwMDAwMDAsInJlYWQiOjMwMDAwMDAwMDAwMH19",
          "dependencies": [
            "azurerm_network_interface.vm01_n",
            "azurerm_network_security_group.nsg_def",
            "azurerm_public_ip.vm01_pubip",
            "azurerm_subnet.vm01_subnet",
            "data.azurerm_virtual_network.vnet_list"
          ]
        }
      ]
    },
    {
      "mode": "managed",
      "type": "azurerm_network_security_group",
      "name": "nsg_def",
      "provider": "provider[\"registry.opentofu.org/hashicorp/azurerm\"]",
      "instances": [
        {
          "index_key": "vmbytf01",
          "schema_version": 0,
          "attributes": {
            "id": "/subscriptions/47a2e12e-4f45-4723-aa61-35db7e45dc38/resourceGroups/intro_group/providers/Microsoft.Network/networkSecurityGroups/vmbytf01_nsg",
            "location": "eastus",
            "name": "vmbytf01_nsg",
            "resource_group_name": "intro_group",
            "security_rule": [
              {
                "access": "Allow",
                "description": "",
                "destination_address_prefix": "*",
                "destination_address_prefixes": [],
                "destination_application_security_group_ids": [],
                "destination_port_range": "80",
                "destination_port_ranges": [],
                "direction": "Inbound",
                "name": "Http",
                "priority": 100,
                "protocol": "Tcp",
                "source_address_prefix": "*",
                "source_address_prefixes": [],
                "source_application_security_group_ids": [],
                "source_port_range": "80",
                "source_port_ranges": []
              }
            ],
            "tags": null,
            "timeouts": null
          },
          "sensitive_attributes": [],
          "private": "eyJlMmJmYjczMC1lY2FhLTExZTYtOGY4OC0zNDM2M2JjN2M0YzAiOnsiY3JlYXRlIjoxODAwMDAwMDAwMDAwLCJkZWxldGUiOjE4MDAwMDAwMDAwMDAsInJlYWQiOjMwMDAwMDAwMDAwMCwidXBkYXRlIjoxODAwMDAwMDAwMDAwfX0="
        }
      ]
    },
    {
      "mode": "managed",
      "type": "azurerm_public_ip",
      "name": "vm01_pubip",
      "provider": "provider[\"registry.opentofu.org/hashicorp/azurerm\"]",
      "instances": [
        {
          "index_key": "vmbytf01",
          "schema_version": 0,
          "attributes": {
            "allocation_method": "Dynamic",
            "ddos_protection_mode": "VirtualNetworkInherited",
            "ddos_protection_plan_id": null,
            "domain_name_label": null,
            "edge_zone": "",
            "fqdn": null,
            "id": "/subscriptions/47a2e12e-4f45-4723-aa61-35db7e45dc38/resourceGroups/intro_group/providers/Microsoft.Network/publicIPAddresses/vmbytf01_pubip",
            "idle_timeout_in_minutes": 4,
            "ip_address": "",
            "ip_tags": null,
            "ip_version": "IPv4",
            "location": "eastus",
            "name": "vmbytf01_pubip",
            "public_ip_prefix_id": null,
            "resource_group_name": "intro_group",
            "reverse_fqdn": null,
            "sku": "Basic",
            "sku_tier": "Regional",
            "tags": null,
            "timeouts": null,
            "zones": null
          },
          "sensitive_attributes": [],
          "private": "eyJlMmJmYjczMC1lY2FhLTExZTYtOGY4OC0zNDM2M2JjN2M0YzAiOnsiY3JlYXRlIjoxODAwMDAwMDAwMDAwLCJkZWxldGUiOjE4MDAwMDAwMDAwMDAsInJlYWQiOjMwMDAwMDAwMDAwMCwidXBkYXRlIjoxODAwMDAwMDAwMDAwfX0=",
          "create_before_destroy": true
        }
      ]
    },
    {
      "mode": "managed",
      "type": "azurerm_subnet",
      "name": "vm01_subnet",
      "provider": "provider[\"registry.opentofu.org/hashicorp/azurerm\"]",
      "instances": [
        {
          "index_key": "vmbytf01",
          "schema_version": 0,
          "attributes": {
            "address_prefixes": [
              "10.0.1.0/25"
            ],
            "default_outbound_access_enabled": true,
            "delegation": [],
            "enforce_private_link_endpoint_network_policies": false,
            "enforce_private_link_service_network_policies": false,
            "id": "/subscriptions/47a2e12e-4f45-4723-aa61-35db7e45dc38/resourceGroups/intro_group/providers/Microsoft.Network/virtualNetworks/intro-vnet/subnets/vmbytf01_subnet",
            "name": "vmbytf01_subnet",
            "private_endpoint_network_policies": "Enabled",
            "private_endpoint_network_policies_enabled": true,
            "private_link_service_network_policies_enabled": true,
            "resource_group_name": "intro_group",
            "service_endpoint_policy_ids": null,
            "service_endpoints": null,
            "timeouts": null,
            "virtual_network_name": "intro-vnet"
          },
          "sensitive_attributes": [],
          "private": "eyJlMmJmYjczMC1lY2FhLTExZTYtOGY4OC0zNDM2M2JjN2M0YzAiOnsiY3JlYXRlIjoxODAwMDAwMDAwMDAwLCJkZWxldGUiOjE4MDAwMDAwMDAwMDAsInJlYWQiOjMwMDAwMDAwMDAwMCwidXBkYXRlIjoxODAwMDAwMDAwMDAwfX0=",
          "dependencies": [
            "data.azurerm_virtual_network.vnet_list"
          ]
        }
      ]
    },
    {
      "mode": "managed",
      "type": "azurerm_virtual_machine",
      "name": "vm_01",
      "provider": "provider[\"registry.opentofu.org/hashicorp/azurerm\"]",
      "instances": [
        {
          "index_key": "vmbytf01",
          "schema_version": 0,
          "attributes": {
            "additional_capabilities": [],
            "availability_set_id": null,
            "boot_diagnostics": [],
            "delete_data_disks_on_termination": false,
            "delete_os_disk_on_termination": true,
            "id": "/subscriptions/47a2e12e-4f45-4723-aa61-35db7e45dc38/resourceGroups/intro_group/providers/Microsoft.Compute/virtualMachines/vmbytf01",
            "identity": [],
            "license_type": null,
            "location": "eastus",
            "name": "vmbytf01",
            "network_interface_ids": [
              "/subscriptions/47a2e12e-4f45-4723-aa61-35db7e45dc38/resourceGroups/intro_group/providers/Microsoft.Network/networkInterfaces/vmbytf01_networkinterface"
            ],
            "os_profile": [
              {
                "admin_password": "",
                "admin_username": "azureuser",
                "computer_name": "tfcomputer",
                "custom_data": ""
              }
            ],
            "os_profile_linux_config": [
              {
                "disable_password_authentication": true,
                "ssh_keys": [
                  {
                    "key_data": "ssh-rsa AAAAB3NzaC1yc2EAAAADAQABAAABAQCtsiSml0wu3g8tJUzBCrUuPnQbVvIZheQqAWPDm07d0BWLkw6DOULxAB1GabZSN6fTd7WMQQs8/YB8Sc7n5w7a/fJ+uRVRQDWxQQHEwXqPfUJtd0pUZuGqiN5PAdP4d+YU/UUoL6LnEl2NLNcVCksj06FHiyhuukE0b7VLvt/p1mZpMW8UgKETz/MRux1S1QbOAS/LvKvwRRhxHmWY9wYYsFvR1LzxZLExk8pu+ku+Bzjf5vY6lEDiDLON4fOIcEFMvWd+zo98m0HSwmQmwXChgwH9+cU4w47XQ9DgVBj3ErA3Z8fRyY8A8NBYTUHmZaSwo4IBTdVvBO9EA7ItUiHn",
                    "path": "/home/azureuser/.ssh/authorized_keys"
                  }
                ]
              }
            ],
            "os_profile_secrets": [],
            "os_profile_windows_config": [],
            "plan": [],
            "primary_network_interface_id": null,
            "proximity_placement_group_id": null,
            "resource_group_name": "intro_group",
            "storage_data_disk": [],
            "storage_image_reference": [
              {
                "id": "",
                "offer": "0001-com-ubuntu-server-jammy",
                "publisher": "Canonical",
                "sku": "22_04-lts",
                "version": "latest"
              }
            ],
            "storage_os_disk": [
              {
                "caching": "ReadWrite",
                "create_option": "FromImage",
                "disk_size_gb": 30,
                "image_uri": "",
                "managed_disk_id": "/subscriptions/47a2e12e-4f45-4723-aa61-35db7e45dc38/resourceGroups/intro_group/providers/Microsoft.Compute/disks/vmbytf01_storagedisk",
                "managed_disk_type": "Standard_LRS",
                "name": "vmbytf01_storagedisk",
                "os_type": "Linux",
                "vhd_uri": "",
                "write_accelerator_enabled": false
              }
            ],
            "tags": null,
            "timeouts": null,
            "vm_size": "Standard_B1s",
            "zones": null
          },
          "sensitive_attributes": [],
          "private": "eyJlMmJmYjczMC1lY2FhLTExZTYtOGY4OC0zNDM2M2JjN2M0YzAiOnsiY3JlYXRlIjozNjAwMDAwMDAwMDAwLCJkZWxldGUiOjM2MDAwMDAwMDAwMDAsInJlYWQiOjMwMDAwMDAwMDAwMCwidXBkYXRlIjozNjAwMDAwMDAwMDAwfX0=",
          "dependencies": [
            "azurerm_network_interface.vm01_n",
            "azurerm_public_ip.vm01_pubip",
            "azurerm_subnet.vm01_subnet",
            "data.azurerm_virtual_network.vnet_list"
          ]
        }
      ]
    }
  ],
  "check_results": null
}
